# THIS IS AN AUTOGENERATED FILE. DO NOT EDIT THIS FILE DIRECTLY.
# yarn lockfile v1


"@vant/weapp@^1.5.1":
  version "1.5.1"
  resolved "http://39.106.145.141:9000/repository/node-public/@vant/weapp/-/weapp-1.5.1.tgz#71049153e66e4cd5ccd42a1338fab472e5a5244b"
  integrity sha1-cQSRU+ZuTNXM1CoTOPq0cuWlJEs=
